
Microsoft Visual Studio Solution File, Format Version 12.00
# Visual Studio Version 17
VisualStudioVersion = 17.0.31903.59
MinimumVisualStudioVersion = 10.0.40219.1
Project("{FAE04EC0-301F-11D3-BF4B-00C04F79EFBC}") = "EstructurasAPP1", "EstructurasAPP1\EstructurasAPP1.csproj", "{FC3E17E1-9F01-4F2B-9D71-58917BBED045}"
EndProject
Project("{FAE04EC0-301F-11D3-BF4B-00C04F79EFBC}") = "Semana03_Tarea", "Semana03_Tarea\Semana03_Tarea.csproj", "{494B6FC6-EA7C-48B1-99A9-AA4E795E9EDB}"
EndProject
Project("{FAE04EC0-301F-11D3-BF4B-00C04F79EFBC}") = "Ejercicios5", "Ejercicios5\Ejercicios5.csproj", "{F7B57134-DE8D-4FCA-8D4B-2385AC3C4E21}"
EndProject
Project("{FAE04EC0-301F-11D3-BF4B-00C04F79EFBC}") = "Semana05_Ejercicio1", "Semana05_Ejercicio1\Semana05_Ejercicio1.csproj", "{0FDEC8D0-3081-4BF1-8DEC-95B8E29599D4}"
EndProject
Project("{FAE04EC0-301F-11D3-BF4B-00C04F79EFBC}") = "Semana05_Ejercicio2", "Semana05_Ejercicio2\Semana05_Ejercicio2.csproj", "{AD9B272C-15C6-4D4B-80B2-4CC8C453886F}"
EndProject
Project("{FAE04EC0-301F-11D3-BF4B-00C04F79EFBC}") = "Semana05_Ejercicio3", "Semana05_Ejercicio3\Semana05_Ejercicio3.csproj", "{63A8A513-0422-4548-A178-30097F164AA0}"
EndProject
Project("{FAE04EC0-301F-11D3-BF4B-00C04F79EFBC}") = "Semana05_Ejercicio4", "Semana05_Ejercicio4\Semana05_Ejercicio4.csproj", "{23695F2A-97B6-4A85-9FC6-9B501889A50C}"
EndProject
Project("{FAE04EC0-301F-11D3-BF4B-00C04F79EFBC}") = "Semana05_Ejercicio5", "Semana05_Ejercicio5\Semana05_Ejercicio5.csproj", "{A55FE2EE-CE58-4FDF-BDD4-FFD8E422BC3B}"
EndProject
Global
	GlobalSection(SolutionConfigurationPlatforms) = preSolution
		Debug|Any CPU = Debug|Any CPU
		Debug|x64 = Debug|x64
		Debug|x86 = Debug|x86
		Release|Any CPU = Release|Any CPU
		Release|x64 = Release|x64
		Release|x86 = Release|x86
	EndGlobalSection
	GlobalSection(ProjectConfigurationPlatforms) = postSolution
		{FC3E17E1-9F01-4F2B-9D71-58917BBED045}.Debug|Any CPU.ActiveCfg = Debug|Any CPU
		{FC3E17E1-9F01-4F2B-9D71-58917BBED045}.Debug|Any CPU.Build.0 = Debug|Any CPU
		{FC3E17E1-9F01-4F2B-9D71-58917BBED045}.Debug|x64.ActiveCfg = Debug|Any CPU
		{FC3E17E1-9F01-4F2B-9D71-58917BBED045}.Debug|x64.Build.0 = Debug|Any CPU
		{FC3E17E1-9F01-4F2B-9D71-58917BBED045}.Debug|x86.ActiveCfg = Debug|Any CPU
		{FC3E17E1-9F01-4F2B-9D71-58917BBED045}.Debug|x86.Build.0 = Debug|Any CPU
		{FC3E17E1-9F01-4F2B-9D71-58917BBED045}.Release|Any CPU.ActiveCfg = Release|Any CPU
		{FC3E17E1-9F01-4F2B-9D71-58917BBED045}.Release|Any CPU.Build.0 = Release|Any CPU
		{FC3E17E1-9F01-4F2B-9D71-58917BBED045}.Release|x64.ActiveCfg = Release|Any CPU
		{FC3E17E1-9F01-4F2B-9D71-58917BBED045}.Release|x64.Build.0 = Release|Any CPU
		{FC3E17E1-9F01-4F2B-9D71-58917BBED045}.Release|x86.ActiveCfg = Release|Any CPU
		{FC3E17E1-9F01-4F2B-9D71-58917BBED045}.Release|x86.Build.0 = Release|Any CPU
		{494B6FC6-EA7C-48B1-99A9-AA4E795E9EDB}.Debug|Any CPU.ActiveCfg = Debug|Any CPU
		{494B6FC6-EA7C-48B1-99A9-AA4E795E9EDB}.Debug|Any CPU.Build.0 = Debug|Any CPU
		{494B6FC6-EA7C-48B1-99A9-AA4E795E9EDB}.Debug|x64.ActiveCfg = Debug|Any CPU
		{494B6FC6-EA7C-48B1-99A9-AA4E795E9EDB}.Debug|x64.Build.0 = Debug|Any CPU
		{494B6FC6-EA7C-48B1-99A9-AA4E795E9EDB}.Debug|x86.ActiveCfg = Debug|Any CPU
		{494B6FC6-EA7C-48B1-99A9-AA4E795E9EDB}.Debug|x86.Build.0 = Debug|Any CPU
		{494B6FC6-EA7C-48B1-99A9-AA4E795E9EDB}.Release|Any CPU.ActiveCfg = Release|Any CPU
		{494B6FC6-EA7C-48B1-99A9-AA4E795E9EDB}.Release|Any CPU.Build.0 = Release|Any CPU
		{494B6FC6-EA7C-48B1-99A9-AA4E795E9EDB}.Release|x64.ActiveCfg = Release|Any CPU
		{494B6FC6-EA7C-48B1-99A9-AA4E795E9EDB}.Release|x64.Build.0 = Release|Any CPU
		{494B6FC6-EA7C-48B1-99A9-AA4E795E9EDB}.Release|x86.ActiveCfg = Release|Any CPU
		{494B6FC6-EA7C-48B1-99A9-AA4E795E9EDB}.Release|x86.Build.0 = Release|Any CPU
		{F7B57134-DE8D-4FCA-8D4B-2385AC3C4E21}.Debug|Any CPU.ActiveCfg = Debug|Any CPU
		{F7B57134-DE8D-4FCA-8D4B-2385AC3C4E21}.Debug|Any CPU.Build.0 = Debug|Any CPU
		{F7B57134-DE8D-4FCA-8D4B-2385AC3C4E21}.Debug|x64.ActiveCfg = Debug|Any CPU
		{F7B57134-DE8D-4FCA-8D4B-2385AC3C4E21}.Debug|x64.Build.0 = Debug|Any CPU
		{F7B57134-DE8D-4FCA-8D4B-2385AC3C4E21}.Debug|x86.ActiveCfg = Debug|Any CPU
		{F7B57134-DE8D-4FCA-8D4B-2385AC3C4E21}.Debug|x86.Build.0 = Debug|Any CPU
		{F7B57134-DE8D-4FCA-8D4B-2385AC3C4E21}.Release|Any CPU.ActiveCfg = Release|Any CPU
		{F7B57134-DE8D-4FCA-8D4B-2385AC3C4E21}.Release|Any CPU.Build.0 = Release|Any CPU
		{F7B57134-DE8D-4FCA-8D4B-2385AC3C4E21}.Release|x64.ActiveCfg = Release|Any CPU
		{F7B57134-DE8D-4FCA-8D4B-2385AC3C4E21}.Release|x64.Build.0 = Release|Any CPU
		{F7B57134-DE8D-4FCA-8D4B-2385AC3C4E21}.Release|x86.ActiveCfg = Release|Any CPU
		{F7B57134-DE8D-4FCA-8D4B-2385AC3C4E21}.Release|x86.Build.0 = Release|Any CPU
		{0FDEC8D0-3081-4BF1-8DEC-95B8E29599D4}.Debug|Any CPU.ActiveCfg = Debug|Any CPU
		{0FDEC8D0-3081-4BF1-8DEC-95B8E29599D4}.Debug|Any CPU.Build.0 = Debug|Any CPU
		{0FDEC8D0-3081-4BF1-8DEC-95B8E29599D4}.Debug|x64.ActiveCfg = Debug|Any CPU
		{0FDEC8D0-3081-4BF1-8DEC-95B8E29599D4}.Debug|x64.Build.0 = Debug|Any CPU
		{0FDEC8D0-3081-4BF1-8DEC-95B8E29599D4}.Debug|x86.ActiveCfg = Debug|Any CPU
		{0FDEC8D0-3081-4BF1-8DEC-95B8E29599D4}.Debug|x86.Build.0 = Debug|Any CPU
		{0FDEC8D0-3081-4BF1-8DEC-95B8E29599D4}.Release|Any CPU.ActiveCfg = Release|Any CPU
		{0FDEC8D0-3081-4BF1-8DEC-95B8E29599D4}.Release|Any CPU.Build.0 = Release|Any CPU
		{0FDEC8D0-3081-4BF1-8DEC-95B8E29599D4}.Release|x64.ActiveCfg = Release|Any CPU
		{0FDEC8D0-3081-4BF1-8DEC-95B8E29599D4}.Release|x64.Build.0 = Release|Any CPU
		{0FDEC8D0-3081-4BF1-8DEC-95B8E29599D4}.Release|x86.ActiveCfg = Release|Any CPU
		{0FDEC8D0-3081-4BF1-8DEC-95B8E29599D4}.Release|x86.Build.0 = Release|Any CPU
		{AD9B272C-15C6-4D4B-80B2-4CC8C453886F}.Debug|Any CPU.ActiveCfg = Debug|Any CPU
		{AD9B272C-15C6-4D4B-80B2-4CC8C453886F}.Debug|Any CPU.Build.0 = Debug|Any CPU
		{AD9B272C-15C6-4D4B-80B2-4CC8C453886F}.Debug|x64.ActiveCfg = Debug|Any CPU
		{AD9B272C-15C6-4D4B-80B2-4CC8C453886F}.Debug|x64.Build.0 = Debug|Any CPU
		{AD9B272C-15C6-4D4B-80B2-4CC8C453886F}.Debug|x86.ActiveCfg = Debug|Any CPU
		{AD9B272C-15C6-4D4B-80B2-4CC8C453886F}.Debug|x86.Build.0 = Debug|Any CPU
		{AD9B272C-15C6-4D4B-80B2-4CC8C453886F}.Release|Any CPU.ActiveCfg = Release|Any CPU
		{AD9B272C-15C6-4D4B-80B2-4CC8C453886F}.Release|Any CPU.Build.0 = Release|Any CPU
		{AD9B272C-15C6-4D4B-80B2-4CC8C453886F}.Release|x64.ActiveCfg = Release|Any CPU
		{AD9B272C-15C6-4D4B-80B2-4CC8C453886F}.Release|x64.Build.0 = Release|Any CPU
		{AD9B272C-15C6-4D4B-80B2-4CC8C453886F}.Release|x86.ActiveCfg = Release|Any CPU
		{AD9B272C-15C6-4D4B-80B2-4CC8C453886F}.Release|x86.Build.0 = Release|Any CPU
		{63A8A513-0422-4548-A178-30097F164AA0}.Debug|Any CPU.ActiveCfg = Debug|Any CPU
		{63A8A513-0422-4548-A178-30097F164AA0}.Debug|Any CPU.Build.0 = Debug|Any CPU
		{63A8A513-0422-4548-A178-30097F164AA0}.Debug|x64.ActiveCfg = Debug|Any CPU
		{63A8A513-0422-4548-A178-30097F164AA0}.Debug|x64.Build.0 = Debug|Any CPU
		{63A8A513-0422-4548-A178-30097F164AA0}.Debug|x86.ActiveCfg = Debug|Any CPU
		{63A8A513-0422-4548-A178-30097F164AA0}.Debug|x86.Build.0 = Debug|Any CPU
		{63A8A513-0422-4548-A178-30097F164AA0}.Release|Any CPU.ActiveCfg = Release|Any CPU
		{63A8A513-0422-4548-A178-30097F164AA0}.Release|Any CPU.Build.0 = Release|Any CPU
		{63A8A513-0422-4548-A178-30097F164AA0}.Release|x64.ActiveCfg = Release|Any CPU
		{63A8A513-0422-4548-A178-30097F164AA0}.Release|x64.Build.0 = Release|Any CPU
		{63A8A513-0422-4548-A178-30097F164AA0}.Release|x86.ActiveCfg = Release|Any CPU
		{63A8A513-0422-4548-A178-30097F164AA0}.Release|x86.Build.0 = Release|Any CPU
		{23695F2A-97B6-4A85-9FC6-9B501889A50C}.Debug|Any CPU.ActiveCfg = Debug|Any CPU
		{23695F2A-97B6-4A85-9FC6-9B501889A50C}.Debug|Any CPU.Build.0 = Debug|Any CPU
		{23695F2A-97B6-4A85-9FC6-9B501889A50C}.Debug|x64.ActiveCfg = Debug|Any CPU
		{23695F2A-97B6-4A85-9FC6-9B501889A50C}.Debug|x64.Build.0 = Debug|Any CPU
		{23695F2A-97B6-4A85-9FC6-9B501889A50C}.Debug|x86.ActiveCfg = Debug|Any CPU
		{23695F2A-97B6-4A85-9FC6-9B501889A50C}.Debug|x86.Build.0 = Debug|Any CPU
		{23695F2A-97B6-4A85-9FC6-9B501889A50C}.Release|Any CPU.ActiveCfg = Release|Any CPU
		{23695F2A-97B6-4A85-9FC6-9B501889A50C}.Release|Any CPU.Build.0 = Release|Any CPU
		{23695F2A-97B6-4A85-9FC6-9B501889A50C}.Release|x64.ActiveCfg = Release|Any CPU
		{23695F2A-97B6-4A85-9FC6-9B501889A50C}.Release|x64.Build.0 = Release|Any CPU
		{23695F2A-97B6-4A85-9FC6-9B501889A50C}.Release|x86.ActiveCfg = Release|Any CPU
		{23695F2A-97B6-4A85-9FC6-9B501889A50C}.Release|x86.Build.0 = Release|Any CPU
		{A55FE2EE-CE58-4FDF-BDD4-FFD8E422BC3B}.Debug|Any CPU.ActiveCfg = Debug|Any CPU
		{A55FE2EE-CE58-4FDF-BDD4-FFD8E422BC3B}.Debug|Any CPU.Build.0 = Debug|Any CPU
		{A55FE2EE-CE58-4FDF-BDD4-FFD8E422BC3B}.Debug|x64.ActiveCfg = Debug|Any CPU
		{A55FE2EE-CE58-4FDF-BDD4-FFD8E422BC3B}.Debug|x64.Build.0 = Debug|Any CPU
		{A55FE2EE-CE58-4FDF-BDD4-FFD8E422BC3B}.Debug|x86.ActiveCfg = Debug|Any CPU
		{A55FE2EE-CE58-4FDF-BDD4-FFD8E422BC3B}.Debug|x86.Build.0 = Debug|Any CPU
		{A55FE2EE-CE58-4FDF-BDD4-FFD8E422BC3B}.Release|Any CPU.ActiveCfg = Release|Any CPU
		{A55FE2EE-CE58-4FDF-BDD4-FFD8E422BC3B}.Release|Any CPU.Build.0 = Release|Any CPU
		{A55FE2EE-CE58-4FDF-BDD4-FFD8E422BC3B}.Release|x64.ActiveCfg = Release|Any CPU
		{A55FE2EE-CE58-4FDF-BDD4-FFD8E422BC3B}.Release|x64.Build.0 = Release|Any CPU
		{A55FE2EE-CE58-4FDF-BDD4-FFD8E422BC3B}.Release|x86.ActiveCfg = Release|Any CPU
		{A55FE2EE-CE58-4FDF-BDD4-FFD8E422BC3B}.Release|x86.Build.0 = Release|Any CPU
	EndGlobalSection
	GlobalSection(SolutionProperties) = preSolution
		HideSolutionNode = FALSE
	EndGlobalSection
EndGlobal
